
Microsoft Visual Studio Solution File, Format Version 12.00
# Visual Studio 15
VisualStudioVersion = 15.0.27703.2026
MinimumVisualStudioVersion = 10.0.40219.1
Project("{FAE04EC0-301F-11D3-BF4B-00C04F79EFBC}") = "NBARestAPI.Android", "NBARestAPI\NBARestAPI.Android\NBARestAPI.Android.csproj", "{580783E8-A545-49F5-AF22-1279F5151826}"
EndProject
Project("{FAE04EC0-301F-11D3-BF4B-00C04F79EFBC}") = "NBARestAPI.iOS", "NBARestAPI\NBARestAPI.iOS\NBARestAPI.iOS.csproj", "{14BCED3C-7390-43E3-8C3D-18E0A4D9464E}"
EndProject
Project("{FAE04EC0-301F-11D3-BF4B-00C04F79EFBC}") = "NBARestAPI", "NBARestAPI\NBARestAPI\NBARestAPI.csproj", "{666A28C4-4209-473E-A463-3E9312C5E145}"
EndProject
Global
	GlobalSection(SolutionConfigurationPlatforms) = preSolution
		Ad-Hoc|Any CPU = Ad-Hoc|Any CPU
		Ad-Hoc|iPhone = Ad-Hoc|iPhone
		Ad-Hoc|iPhoneSimulator = Ad-Hoc|iPhoneSimulator
		AppStore|Any CPU = AppStore|Any CPU
		AppStore|iPhone = AppStore|iPhone
		AppStore|iPhoneSimulator = AppStore|iPhoneSimulator
		Debug|Any CPU = Debug|Any CPU
		Debug|iPhone = Debug|iPhone
		Debug|iPhoneSimulator = Debug|iPhoneSimulator
		Release|Any CPU = Release|Any CPU
		Release|iPhone = Release|iPhone
		Release|iPhoneSimulator = Release|iPhoneSimulator
	EndGlobalSection
	GlobalSection(ProjectConfigurationPlatforms) = postSolution
		{580783E8-A545-49F5-AF22-1279F5151826}.Ad-Hoc|Any CPU.ActiveCfg = Release|Any CPU
		{580783E8-A545-49F5-AF22-1279F5151826}.Ad-Hoc|Any CPU.Build.0 = Release|Any CPU
		{580783E8-A545-49F5-AF22-1279F5151826}.Ad-Hoc|Any CPU.Deploy.0 = Release|Any CPU
		{580783E8-A545-49F5-AF22-1279F5151826}.Ad-Hoc|iPhone.ActiveCfg = Release|Any CPU
		{580783E8-A545-49F5-AF22-1279F5151826}.Ad-Hoc|iPhone.Build.0 = Release|Any CPU
		{580783E8-A545-49F5-AF22-1279F5151826}.Ad-Hoc|iPhone.Deploy.0 = Release|Any CPU
		{580783E8-A545-49F5-AF22-1279F5151826}.Ad-Hoc|iPhoneSimulator.ActiveCfg = Release|Any CPU
		{580783E8-A545-49F5-AF22-1279F5151826}.Ad-Hoc|iPhoneSimulator.Build.0 = Release|Any CPU
		{580783E8-A545-49F5-AF22-1279F5151826}.Ad-Hoc|iPhoneSimulator.Deploy.0 = Release|Any CPU
		{580783E8-A545-49F5-AF22-1279F5151826}.AppStore|Any CPU.ActiveCfg = Release|Any CPU
		{580783E8-A545-49F5-AF22-1279F5151826}.AppStore|Any CPU.Build.0 = Release|Any CPU
		{580783E8-A545-49F5-AF22-1279F5151826}.AppStore|Any CPU.Deploy.0 = Release|Any CPU
		{580783E8-A545-49F5-AF22-1279F5151826}.AppStore|iPhone.ActiveCfg = Release|Any CPU
		{580783E8-A545-49F5-AF22-1279F5151826}.AppStore|iPhone.Build.0 = Release|Any CPU
		{580783E8-A545-49F5-AF22-1279F5151826}.AppStore|iPhone.Deploy.0 = Release|Any CPU
		{580783E8-A545-49F5-AF22-1279F5151826}.AppStore|iPhoneSimulator.ActiveCfg = Release|Any CPU
		{580783E8-A545-49F5-AF22-1279F5151826}.AppStore|iPhoneSimulator.Build.0 = Release|Any CPU
		{580783E8-A545-49F5-AF22-1279F5151826}.AppStore|iPhoneSimulator.Deploy.0 = Release|Any CPU
		{580783E8-A545-49F5-AF22-1279F5151826}.Debug|Any CPU.ActiveCfg = Debug|Any CPU
		{580783E8-A545-49F5-AF22-1279F5151826}.Debug|Any CPU.Build.0 = Debug|Any CPU
		{580783E8-A545-49F5-AF22-1279F5151826}.Debug|Any CPU.Deploy.0 = Debug|Any CPU
		{580783E8-A545-49F5-AF22-1279F5151826}.Debug|iPhone.ActiveCfg = Debug|Any CPU
		{580783E8-A545-49F5-AF22-1279F5151826}.Debug|iPhone.Build.0 = Debug|Any CPU
		{580783E8-A545-49F5-AF22-1279F5151826}.Debug|iPhone.Deploy.0 = Debug|Any CPU
		{580783E8-A545-49F5-AF22-1279F5151826}.Debug|iPhoneSimulator.ActiveCfg = Debug|Any CPU
		{580783E8-A545-49F5-AF22-1279F5151826}.Debug|iPhoneSimulator.Build.0 = Debug|Any CPU
		{580783E8-A545-49F5-AF22-1279F5151826}.Debug|iPhoneSimulator.Deploy.0 = Debug|Any CPU
		{580783E8-A545-49F5-AF22-1279F5151826}.Release|Any CPU.ActiveCfg = Release|Any CPU
		{580783E8-A545-49F5-AF22-1279F5151826}.Release|Any CPU.Build.0 = Release|Any CPU
		{580783E8-A545-49F5-AF22-1279F5151826}.Release|Any CPU.Deploy.0 = Release|Any CPU
		{580783E8-A545-49F5-AF22-1279F5151826}.Release|iPhone.ActiveCfg = Release|Any CPU
		{580783E8-A545-49F5-AF22-1279F5151826}.Release|iPhone.Build.0 = Release|Any CPU
		{580783E8-A545-49F5-AF22-1279F5151826}.Release|iPhone.Deploy.0 = Release|Any CPU
		{580783E8-A545-49F5-AF22-1279F5151826}.Release|iPhoneSimulator.ActiveCfg = Release|Any CPU
		{580783E8-A545-49F5-AF22-1279F5151826}.Release|iPhoneSimulator.Build.0 = Release|Any CPU
		{580783E8-A545-49F5-AF22-1279F5151826}.Release|iPhoneSimulator.Deploy.0 = Release|Any CPU
		{14BCED3C-7390-43E3-8C3D-18E0A4D9464E}.Ad-Hoc|Any CPU.ActiveCfg = Ad-Hoc|iPhone
		{14BCED3C-7390-43E3-8C3D-18E0A4D9464E}.Ad-Hoc|Any CPU.Build.0 = Ad-Hoc|iPhone
		{14BCED3C-7390-43E3-8C3D-18E0A4D9464E}.Ad-Hoc|Any CPU.Deploy.0 = Ad-Hoc|iPhone
		{14BCED3C-7390-43E3-8C3D-18E0A4D9464E}.Ad-Hoc|iPhone.ActiveCfg = Ad-Hoc|iPhone
		{14BCED3C-7390-43E3-8C3D-18E0A4D9464E}.Ad-Hoc|iPhone.Build.0 = Ad-Hoc|iPhone
		{14BCED3C-7390-43E3-8C3D-18E0A4D9464E}.Ad-Hoc|iPhone.Deploy.0 = Ad-Hoc|iPhone
		{14BCED3C-7390-43E3-8C3D-18E0A4D9464E}.Ad-Hoc|iPhoneSimulator.ActiveCfg = Ad-Hoc|iPhoneSimulator
		{14BCED3C-7390-43E3-8C3D-18E0A4D9464E}.Ad-Hoc|iPhoneSimulator.Build.0 = Ad-Hoc|iPhoneSimulator
		{14BCED3C-7390-43E3-8C3D-18E0A4D9464E}.Ad-Hoc|iPhoneSimulator.Deploy.0 = Ad-Hoc|iPhoneSimulator
		{14BCED3C-7390-43E3-8C3D-18E0A4D9464E}.AppStore|Any CPU.ActiveCfg = AppStore|iPhone
		{14BCED3C-7390-43E3-8C3D-18E0A4D9464E}.AppStore|Any CPU.Build.0 = AppStore|iPhone
		{14BCED3C-7390-43E3-8C3D-18E0A4D9464E}.AppStore|Any CPU.Deploy.0 = AppStore|iPhone
		{14BCED3C-7390-43E3-8C3D-18E0A4D9464E}.AppStore|iPhone.ActiveCfg = AppStore|iPhone
		{14BCED3C-7390-43E3-8C3D-18E0A4D9464E}.AppStore|iPhone.Build.0 = AppStore|iPhone
		{14BCED3C-7390-43E3-8C3D-18E0A4D9464E}.AppStore|iPhone.Deploy.0 = AppStore|iPhone
		{14BCED3C-7390-43E3-8C3D-18E0A4D9464E}.AppStore|iPhoneSimulator.ActiveCfg = AppStore|iPhoneSimulator
		{14BCED3C-7390-43E3-8C3D-18E0A4D9464E}.AppStore|iPhoneSimulator.Build.0 = AppStore|iPhoneSimulator
		{14BCED3C-7390-43E3-8C3D-18E0A4D9464E}.AppStore|iPhoneSimulator.Deploy.0 = AppStore|iPhoneSimulator
		{14BCED3C-7390-43E3-8C3D-18E0A4D9464E}.Debug|Any CPU.ActiveCfg = Debug|iPhoneSimulator
		{14BCED3C-7390-43E3-8C3D-18E0A4D9464E}.Debug|Any CPU.Build.0 = Debug|iPhoneSimulator
		{14BCED3C-7390-43E3-8C3D-18E0A4D9464E}.Debug|Any CPU.Deploy.0 = Debug|iPhoneSimulator
		{14BCED3C-7390-43E3-8C3D-18E0A4D9464E}.Debug|iPhone.ActiveCfg = Debug|iPhone
		{14BCED3C-7390-43E3-8C3D-18E0A4D9464E}.Debug|iPhone.Build.0 = Debug|iPhone
		{14BCED3C-7390-43E3-8C3D-18E0A4D9464E}.Debug|iPhone.Deploy.0 = Debug|iPhone
		{14BCED3C-7390-43E3-8C3D-18E0A4D9464E}.Debug|iPhoneSimulator.ActiveCfg = Debug|iPhoneSimulator
		{14BCED3C-7390-43E3-8C3D-18E0A4D9464E}.Debug|iPhoneSimulator.Build.0 = Debug|iPhoneSimulator
		{14BCED3C-7390-43E3-8C3D-18E0A4D9464E}.Debug|iPhoneSimulator.Deploy.0 = Debug|iPhoneSimulator
		{14BCED3C-7390-43E3-8C3D-18E0A4D9464E}.Release|Any CPU.ActiveCfg = Release|iPhone
		{14BCED3C-7390-43E3-8C3D-18E0A4D9464E}.Release|Any CPU.Build.0 = Release|iPhone
		{14BCED3C-7390-43E3-8C3D-18E0A4D9464E}.Release|Any CPU.Deploy.0 = Release|iPhone
		{14BCED3C-7390-43E3-8C3D-18E0A4D9464E}.Release|iPhone.ActiveCfg = Release|iPhone
		{14BCED3C-7390-43E3-8C3D-18E0A4D9464E}.Release|iPhone.Build.0 = Release|iPhone
		{14BCED3C-7390-43E3-8C3D-18E0A4D9464E}.Release|iPhone.Deploy.0 = Release|iPhone
		{14BCED3C-7390-43E3-8C3D-18E0A4D9464E}.Release|iPhoneSimulator.ActiveCfg = Release|iPhoneSimulator
		{14BCED3C-7390-43E3-8C3D-18E0A4D9464E}.Release|iPhoneSimulator.Build.0 = Release|iPhoneSimulator
		{14BCED3C-7390-43E3-8C3D-18E0A4D9464E}.Release|iPhoneSimulator.Deploy.0 = Release|iPhoneSimulator
		{666A28C4-4209-473E-A463-3E9312C5E145}.Ad-Hoc|Any CPU.ActiveCfg = Debug|Any CPU
		{666A28C4-4209-473E-A463-3E9312C5E145}.Ad-Hoc|Any CPU.Build.0 = Debug|Any CPU
		{666A28C4-4209-473E-A463-3E9312C5E145}.Ad-Hoc|Any CPU.Deploy.0 = Debug|Any CPU
		{666A28C4-4209-473E-A463-3E9312C5E145}.Ad-Hoc|iPhone.ActiveCfg = Debug|Any CPU
		{666A28C4-4209-473E-A463-3E9312C5E145}.Ad-Hoc|iPhone.Build.0 = Debug|Any CPU
		{666A28C4-4209-473E-A463-3E9312C5E145}.Ad-Hoc|iPhone.Deploy.0 = Debug|Any CPU
		{666A28C4-4209-473E-A463-3E9312C5E145}.Ad-Hoc|iPhoneSimulator.ActiveCfg = Debug|Any CPU
		{666A28C4-4209-473E-A463-3E9312C5E145}.Ad-Hoc|iPhoneSimulator.Build.0 = Debug|Any CPU
		{666A28C4-4209-473E-A463-3E9312C5E145}.Ad-Hoc|iPhoneSimulator.Deploy.0 = Debug|Any CPU
		{666A28C4-4209-473E-A463-3E9312C5E145}.AppStore|Any CPU.ActiveCfg = Debug|Any CPU
		{666A28C4-4209-473E-A463-3E9312C5E145}.AppStore|Any CPU.Build.0 = Debug|Any CPU
		{666A28C4-4209-473E-A463-3E9312C5E145}.AppStore|Any CPU.Deploy.0 = Debug|Any CPU
		{666A28C4-4209-473E-A463-3E9312C5E145}.AppStore|iPhone.ActiveCfg = Debug|Any CPU
		{666A28C4-4209-473E-A463-3E9312C5E145}.AppStore|iPhone.Build.0 = Debug|Any CPU
		{666A28C4-4209-473E-A463-3E9312C5E145}.AppStore|iPhone.Deploy.0 = Debug|Any CPU
		{666A28C4-4209-473E-A463-3E9312C5E145}.AppStore|iPhoneSimulator.ActiveCfg = Debug|Any CPU
		{666A28C4-4209-473E-A463-3E9312C5E145}.AppStore|iPhoneSimulator.Build.0 = Debug|Any CPU
		{666A28C4-4209-473E-A463-3E9312C5E145}.AppStore|iPhoneSimulator.Deploy.0 = Debug|Any CPU
		{666A28C4-4209-473E-A463-3E9312C5E145}.Debug|Any CPU.ActiveCfg = Debug|Any CPU
		{666A28C4-4209-473E-A463-3E9312C5E145}.Debug|Any CPU.Build.0 = Debug|Any CPU
		{666A28C4-4209-473E-A463-3E9312C5E145}.Debug|Any CPU.Deploy.0 = Debug|Any CPU
		{666A28C4-4209-473E-A463-3E9312C5E145}.Debug|iPhone.ActiveCfg = Debug|Any CPU
		{666A28C4-4209-473E-A463-3E9312C5E145}.Debug|iPhone.Build.0 = Debug|Any CPU
		{666A28C4-4209-473E-A463-3E9312C5E145}.Debug|iPhone.Deploy.0 = Debug|Any CPU
		{666A28C4-4209-473E-A463-3E9312C5E145}.Debug|iPhoneSimulator.ActiveCfg = Debug|Any CPU
		{666A28C4-4209-473E-A463-3E9312C5E145}.Debug|iPhoneSimulator.Build.0 = Debug|Any CPU
		{666A28C4-4209-473E-A463-3E9312C5E145}.Debug|iPhoneSimulator.Deploy.0 = Debug|Any CPU
		{666A28C4-4209-473E-A463-3E9312C5E145}.Release|Any CPU.ActiveCfg = Release|Any CPU
		{666A28C4-4209-473E-A463-3E9312C5E145}.Release|Any CPU.Build.0 = Release|Any CPU
		{666A28C4-4209-473E-A463-3E9312C5E145}.Release|Any CPU.Deploy.0 = Release|Any CPU
		{666A28C4-4209-473E-A463-3E9312C5E145}.Release|iPhone.ActiveCfg = Release|Any CPU
		{666A28C4-4209-473E-A463-3E9312C5E145}.Release|iPhone.Build.0 = Release|Any CPU
		{666A28C4-4209-473E-A463-3E9312C5E145}.Release|iPhone.Deploy.0 = Release|Any CPU
		{666A28C4-4209-473E-A463-3E9312C5E145}.Release|iPhoneSimulator.ActiveCfg = Release|Any CPU
		{666A28C4-4209-473E-A463-3E9312C5E145}.Release|iPhoneSimulator.Build.0 = Release|Any CPU
		{666A28C4-4209-473E-A463-3E9312C5E145}.Release|iPhoneSimulator.Deploy.0 = Release|Any CPU
	EndGlobalSection
	GlobalSection(SolutionProperties) = preSolution
		HideSolutionNode = FALSE
	EndGlobalSection
	GlobalSection(ExtensibilityGlobals) = postSolution
		SolutionGuid = {3F2C1A18-ABCA-4D11-BC08-7ED136AEE313}
	EndGlobalSection
EndGlobal
